
Microsoft Visual Studio Solution File, Format Version 12.00
# Visual Studio 15
VisualStudioVersion = 15.0.28307.271
MinimumVisualStudioVersion = 10.0.40219.1
Project("{2150E333-8FDC-42A3-9474-1A3956D46DE8}") = "API", "API", "{C5AB7900-88E2-4791-8A93-062475052BC7}"
EndProject
Project("{2150E333-8FDC-42A3-9474-1A3956D46DE8}") = "Clients", "Clients", "{C1DDE7CE-E3DE-46CB-BB00-D212755E0CFF}"
EndProject
Project("{9A19103F-16F7-4668-BE54-9A1E7A4F7556}") = "Sambori.Expenses.API", "API\Sambori.Expenses.API\Sambori.Expenses.API.csproj", "{46BFEBF0-CC5C-4905-B39A-1DEF5D393C83}"
EndProject
Project("{9A19103F-16F7-4668-BE54-9A1E7A4F7556}") = "Sambori.Expenses.Management", "Clients\Sambori.Expenses.Management\Sambori.Expenses.Management.csproj", "{2E28FA4F-3CF5-48D2-BBF6-3B1D89878FEF}"
EndProject
Project("{9A19103F-16F7-4668-BE54-9A1E7A4F7556}") = "Sambori.Expenses.CleanupJob", "Clients\Sambori.Expenses.CleanupJob\Sambori.Expenses.CleanupJob.csproj", "{86D4B569-67B6-438F-A6ED-001C10DAE9F6}"
EndProject
Project("{2150E333-8FDC-42A3-9474-1A3956D46DE8}") = "Solution Items", "Solution Items", "{0E392BC1-705F-4B7C-B5ED-1A24F2F5C59A}"
	ProjectSection(SolutionItems) = preProject
		..\..\README.md = ..\..\README.md
	EndProjectSection
EndProject
Global
	GlobalSection(SolutionConfigurationPlatforms) = preSolution
		Debug|Any CPU = Debug|Any CPU
		Release|Any CPU = Release|Any CPU
	EndGlobalSection
	GlobalSection(ProjectConfigurationPlatforms) = postSolution
		{46BFEBF0-CC5C-4905-B39A-1DEF5D393C83}.Debug|Any CPU.ActiveCfg = Debug|Any CPU
		{46BFEBF0-CC5C-4905-B39A-1DEF5D393C83}.Debug|Any CPU.Build.0 = Debug|Any CPU
		{46BFEBF0-CC5C-4905-B39A-1DEF5D393C83}.Release|Any CPU.ActiveCfg = Release|Any CPU
		{46BFEBF0-CC5C-4905-B39A-1DEF5D393C83}.Release|Any CPU.Build.0 = Release|Any CPU
		{2E28FA4F-3CF5-48D2-BBF6-3B1D89878FEF}.Debug|Any CPU.ActiveCfg = Debug|Any CPU
		{2E28FA4F-3CF5-48D2-BBF6-3B1D89878FEF}.Debug|Any CPU.Build.0 = Debug|Any CPU
		{2E28FA4F-3CF5-48D2-BBF6-3B1D89878FEF}.Release|Any CPU.ActiveCfg = Release|Any CPU
		{2E28FA4F-3CF5-48D2-BBF6-3B1D89878FEF}.Release|Any CPU.Build.0 = Release|Any CPU
		{86D4B569-67B6-438F-A6ED-001C10DAE9F6}.Debug|Any CPU.ActiveCfg = Debug|Any CPU
		{86D4B569-67B6-438F-A6ED-001C10DAE9F6}.Debug|Any CPU.Build.0 = Debug|Any CPU
		{86D4B569-67B6-438F-A6ED-001C10DAE9F6}.Release|Any CPU.ActiveCfg = Release|Any CPU
		{86D4B569-67B6-438F-A6ED-001C10DAE9F6}.Release|Any CPU.Build.0 = Release|Any CPU
	EndGlobalSection
	GlobalSection(SolutionProperties) = preSolution
		HideSolutionNode = FALSE
	EndGlobalSection
	GlobalSection(NestedProjects) = preSolution
		{46BFEBF0-CC5C-4905-B39A-1DEF5D393C83} = {C5AB7900-88E2-4791-8A93-062475052BC7}
		{2E28FA4F-3CF5-48D2-BBF6-3B1D89878FEF} = {C1DDE7CE-E3DE-46CB-BB00-D212755E0CFF}
		{86D4B569-67B6-438F-A6ED-001C10DAE9F6} = {C1DDE7CE-E3DE-46CB-BB00-D212755E0CFF}
	EndGlobalSection
	GlobalSection(ExtensibilityGlobals) = postSolution
		SolutionGuid = {B769B0D9-FB74-49A9-B95F-EE824081849C}
	EndGlobalSection
EndGlobal
